<?xml version="1.0" encoding="utf-8"?>
<Project ToolsVersion="4.0" xmlns="http://schemas.microsoft.com/developer/msbuild/2003">
  <ItemGroup>
    <Filter Include="Source Files">
      <UniqueIdentifier>{4FC737F1-C7A5-4376-A066-2A32D752A2FF}</UniqueIdentifier>
      <Extensions>cpp;c;cc;cxx;def;odl;idl;hpj;bat;asm;asmx</Extensions>
    </Filter>
    <Filter Include="Header Files">
      <UniqueIdentifier>{93995380-89BD-4b04-88EB-625FBE52EBFB}</UniqueIdentifier>
      <Extensions>h;hpp;hxx;hm;inl;inc;xsd</Extensions>
    </Filter>
    <Filter Include="Resource Files">
      <UniqueIdentifier>{67DA6AB6-F800-4c08-8B7A-83BB121AAD01}</UniqueIdentifier>
      <Extensions>rc;ico;cur;bmp;dlg;rc2;rct;bin;rgs;gif;jpg;jpeg;jpe;resx;tiff;tif;png;wav;mfcribbon-ms</Extensions>
    </Filter>
    <Filter Include="Link Libraries">
      <UniqueIdentifier>{23064a78-3bcb-49ae-8c90-ed419518885d}</UniqueIdentifier>
    </Filter>
    <Filter Include="Shared">
      <UniqueIdentifier>{8cca1fa3-575c-4e0f-acae-7d4d800be358}</UniqueIdentifier>
    </Filter>
    <Filter Include="Header Files\Core">
      <UniqueIdentifier>{d8d3871d-eb7e-4ad7-b999-cc7fee9b782a}</UniqueIdentifier>
    </Filter>
    <Filter Include="Header Files\GL">
      <UniqueIdentifier>{ad8fc68d-03d0-4248-9101-38c023fc2268}</UniqueIdentifier>
    </Filter>
    <Filter Include="Source Files\GL">
      <UniqueIdentifier>{35232c4a-146d-4720-9bc4-a5129e6f9cb4}</UniqueIdentifier>
    </Filter>
  </ItemGroup>
  <ItemGroup>
    <ClCompile Include="..\shared\lodepng.cpp">
      <Filter>Shared</Filter>
    </ClCompile>
    <ClCompile Include="..\shared\Matrices.cpp">
      <Filter>Shared</Filter>
    </ClCompile>
    <ClCompile Include="..\shared\pathtools.cpp">
      <Filter>Shared</Filter>
    </ClCompile>
    <ClCompile Include="..\shared\strtools.cpp">
      <Filter>Shared</Filter>
    </ClCompile>
    <ClCompile Include="hellovr_opengl_main.cpp">
      <Filter>Source Files</Filter>
    </ClCompile>
    <ClCompile Include="hellovr_opengl_main_valve.cpp">
      <Filter>Source Files</Filter>
    </ClCompile>
    <ClCompile Include="IOUtils.cpp">
      <Filter>Source Files</Filter>
    </ClCompile>
    <ClCompile Include="GLModel.cpp">
      <Filter>Source Files\GL</Filter>
    </ClCompile>
    <ClCompile Include="GLRenderer.cpp">
      <Filter>Source Files\GL</Filter>
    </ClCompile>
    <ClCompile Include="GLRenderTarget.cpp">
      <Filter>Source Files\GL</Filter>
    </ClCompile>
    <ClCompile Include="SDLDisplay.cpp">
      <Filter>Source Files\GL</Filter>
    </ClCompile>
    <ClCompile Include="FluidSim.cpp">
      <Filter>Source Files</Filter>
    </ClCompile>
    <ClCompile Include="GLTexture.cpp">
      <Filter>Source Files\GL</Filter>
    </ClCompile>
    <ClCompile Include="GLShader.cpp">
      <Filter>Source Files\GL</Filter>
    </ClCompile>
    <ClCompile Include="FluidSimGPU.cpp">
      <Filter>Source Files</Filter>
    </ClCompile>
    <ClCompile Include="GWaveSim.cpp">
      <Filter>Source Files</Filter>
    </ClCompile>
    <ClCompile Include="OpenVRDisplay.cpp">
      <Filter>Source Files\GL</Filter>
    </ClCompile>
  </ItemGroup>
  <ItemGroup>
    <ClInclude Include="..\shared\lodepng.h">
      <Filter>Shared</Filter>
    </ClInclude>
    <ClInclude Include="..\shared\Matrices.h">
      <Filter>Shared</Filter>
    </ClInclude>
    <ClInclude Include="..\shared\Vectors.h">
      <Filter>Shared</Filter>
    </ClInclude>
    <ClInclude Include="..\shared\pathtools.h">
      <Filter>Shared</Filter>
    </ClInclude>
    <ClInclude Include="..\shared\strtools.h">
      <Filter>Shared</Filter>
    </ClInclude>
    <ClInclude Include="IModel.h">
      <Filter>Header Files\Core</Filter>
    </ClInclude>
    <ClInclude Include="IRenderer.h">
      <Filter>Header Files\Core</Filter>
    </ClInclude>
    <ClInclude Include="IRenderTarget.h">
      <Filter>Header Files\Core</Filter>
    </ClInclude>
    <ClInclude Include="IDisplay.h">
      <Filter>Header Files\Core</Filter>
    </ClInclude>
    <ClInclude Include="GLModel.h">
      <Filter>Header Files\GL</Filter>
    </ClInclude>
    <ClInclude Include="GLRenderer.h">
      <Filter>Header Files\GL</Filter>
    </ClInclude>
    <ClInclude Include="GLRenderTarget.h">
      <Filter>Header Files\GL</Filter>
    </ClInclude>
    <ClInclude Include="SDLDisplay.h">
      <Filter>Header Files\GL</Filter>
    </ClInclude>
    <ClInclude Include="FluidSim.h">
      <Filter>Header Files</Filter>
    </ClInclude>
    <ClInclude Include="IOUtils.h">
      <Filter>Header Files</Filter>
    </ClInclude>
    <ClInclude Include="ITexture.h">
      <Filter>Header Files\Core</Filter>
    </ClInclude>
    <ClInclude Include="GLTexture.h">
      <Filter>Header Files\GL</Filter>
    </ClInclude>
    <ClInclude Include="IShader.h">
      <Filter>Header Files\Core</Filter>
    </ClInclude>
    <ClInclude Include="GLShader.h">
      <Filter>Header Files\GL</Filter>
    </ClInclude>
    <ClInclude Include="IMaterial.h">
      <Filter>Header Files\Core</Filter>
    </ClInclude>
    <ClInclude Include="FluidSimGPU.h">
      <Filter>Header Files</Filter>
    </ClInclude>
    <ClInclude Include="GWaveSim.h">
      <Filter>Header Files</Filter>
    </ClInclude>
    <ClInclude Include="OpenVRDisplay.h">
      <Filter>Header Files\GL</Filter>
    </ClInclude>
  </ItemGroup>
  <ItemGroup>
    <None Include="ClassDiagram.cd" />
  </ItemGroup>
</Project>